
Microsoft Visual Studio Solution File, Format Version 12.00
# Visual Studio Version 17
VisualStudioVersion = 17.11.35327.3
MinimumVisualStudioVersion = 10.0.40219.1
Project("{FAE04EC0-301F-11D3-BF4B-00C04F79EFBC}") = "StudentLibrary", "StudentLibrary\StudentLibrary.csproj", "{84CF893D-F092-4224-A34A-4CFB1E93BEBB}"
EndProject
Global
	GlobalSection(SolutionConfigurationPlatforms) = preSolution
		Debug|Any CPU = Debug|Any CPU
		Release|Any CPU = Release|Any CPU
	EndGlobalSection
	GlobalSection(ProjectConfigurationPlatforms) = postSolution
		{84CF893D-F092-4224-A34A-4CFB1E93BEBB}.Debug|Any CPU.ActiveCfg = Debug|Any CPU
		{84CF893D-F092-4224-A34A-4CFB1E93BEBB}.Debug|Any CPU.Build.0 = Debug|Any CPU
		{84CF893D-F092-4224-A34A-4CFB1E93BEBB}.Release|Any CPU.ActiveCfg = Release|Any CPU
		{84CF893D-F092-4224-A34A-4CFB1E93BEBB}.Release|Any CPU.Build.0 = Release|Any CPU
	EndGlobalSection
	GlobalSection(SolutionProperties) = preSolution
		HideSolutionNode = FALSE
	EndGlobalSection
	GlobalSection(ExtensibilityGlobals) = postSolution
		SolutionGuid = {FD174F6C-95B5-484B-92B2-9074066548AF}
	EndGlobalSection
EndGlobal
